
Microsoft Visual Studio Solution File, Format Version 12.00
# Visual Studio 2012
Project("{8BC9CEB8-8B4A-11D0-8D11-00A0C91BC942}") = "code", "code.vcxproj", "{3C46578D-D97D-47C7-998C-1AFF52B697A9}"
EndProject
Global
	GlobalSection(SolutionConfigurationPlatforms) = preSolution
		Debug|Win32 = Debug|Win32
		Release|Win32 = Release|Win32
	EndGlobalSection
	GlobalSection(ProjectConfigurationPlatforms) = postSolution
		{3C46578D-D97D-47C7-998C-1AFF52B697A9}.Debug|Win32.ActiveCfg = Debug|Win32
		{3C46578D-D97D-47C7-998C-1AFF52B697A9}.Debug|Win32.Build.0 = Debug|Win32
		{3C46578D-D97D-47C7-998C-1AFF52B697A9}.Release|Win32.ActiveCfg = Release|Win32
		{3C46578D-D97D-47C7-998C-1AFF52B697A9}.Release|Win32.Build.0 = Release|Win32
	EndGlobalSection
	GlobalSection(SolutionProperties) = preSolution
		HideSolutionNode = FALSE
	EndGlobalSection
EndGlobal
